
Microsoft Visual Studio Solution File, Format Version 12.00
# Visual Studio 15
VisualStudioVersion = 15.0.28010.2050
MinimumVisualStudioVersion = 10.0.40219.1
Project("{FAE04EC0-301F-11D3-BF4B-00C04F79EFBC}") = "FragmentSample", "FragmentSample\FragmentSample.csproj", "{99C3480E-7027-4CB5-8BDC-F3FE5170A124}"
EndProject
Global
	GlobalSection(SolutionConfigurationPlatforms) = preSolution
		Debug|Any CPU = Debug|Any CPU
		Release|Any CPU = Release|Any CPU
	EndGlobalSection
	GlobalSection(ProjectConfigurationPlatforms) = postSolution
		{99C3480E-7027-4CB5-8BDC-F3FE5170A124}.Debug|Any CPU.ActiveCfg = Debug|Any CPU
		{99C3480E-7027-4CB5-8BDC-F3FE5170A124}.Debug|Any CPU.Build.0 = Debug|Any CPU
		{99C3480E-7027-4CB5-8BDC-F3FE5170A124}.Debug|Any CPU.Deploy.0 = Debug|Any CPU
		{99C3480E-7027-4CB5-8BDC-F3FE5170A124}.Release|Any CPU.ActiveCfg = Release|Any CPU
		{99C3480E-7027-4CB5-8BDC-F3FE5170A124}.Release|Any CPU.Build.0 = Release|Any CPU
		{99C3480E-7027-4CB5-8BDC-F3FE5170A124}.Release|Any CPU.Deploy.0 = Release|Any CPU
	EndGlobalSection
	GlobalSection(SolutionProperties) = preSolution
		HideSolutionNode = FALSE
	EndGlobalSection
	GlobalSection(ExtensibilityGlobals) = postSolution
		SolutionGuid = {BF010544-B5FC-4DDB-8498-D5DF6BD6E36F}
	EndGlobalSection
EndGlobal
